
Microsoft Visual Studio Solution File, Format Version 12.00
# Visual Studio Version 17
VisualStudioVersion = 17.1.32414.318
MinimumVisualStudioVersion = 10.0.40219.1
Project("{9A19103F-16F7-4668-BE54-9A1E7A4F7556}") = "GiveWaveAPI", "GiveWaveAPI\GiveWaveAPI.csproj", "{F9675276-3A6E-49A5-AFB7-2B66EB97B093}"
EndProject
Project("{9A19103F-16F7-4668-BE54-9A1E7A4F7556}") = "GiveWaveAPIService", "GiveWaveAPIService\GiveWaveAPIService.csproj", "{342FCBDE-F9DC-401D-9098-5C5D20B5F910}"
EndProject
Global
	GlobalSection(SolutionConfigurationPlatforms) = preSolution
		Debug|Any CPU = Debug|Any CPU
		Release|Any CPU = Release|Any CPU
	EndGlobalSection
	GlobalSection(ProjectConfigurationPlatforms) = postSolution
		{F9675276-3A6E-49A5-AFB7-2B66EB97B093}.Debug|Any CPU.ActiveCfg = Debug|Any CPU
		{F9675276-3A6E-49A5-AFB7-2B66EB97B093}.Debug|Any CPU.Build.0 = Debug|Any CPU
		{F9675276-3A6E-49A5-AFB7-2B66EB97B093}.Release|Any CPU.ActiveCfg = Release|Any CPU
		{F9675276-3A6E-49A5-AFB7-2B66EB97B093}.Release|Any CPU.Build.0 = Release|Any CPU
		{342FCBDE-F9DC-401D-9098-5C5D20B5F910}.Debug|Any CPU.ActiveCfg = Debug|Any CPU
		{342FCBDE-F9DC-401D-9098-5C5D20B5F910}.Debug|Any CPU.Build.0 = Debug|Any CPU
		{342FCBDE-F9DC-401D-9098-5C5D20B5F910}.Release|Any CPU.ActiveCfg = Release|Any CPU
		{342FCBDE-F9DC-401D-9098-5C5D20B5F910}.Release|Any CPU.Build.0 = Release|Any CPU
	EndGlobalSection
	GlobalSection(SolutionProperties) = preSolution
		HideSolutionNode = FALSE
	EndGlobalSection
	GlobalSection(ExtensibilityGlobals) = postSolution
		SolutionGuid = {D45BC6CF-E7C0-4E65-8D81-441A05B3F6C9}
	EndGlobalSection
EndGlobal
